// !$*UTF8*$!
{
	archiveVersion = 1;
	classes = {
	};
	objectVersion = 50;
	objects = {

/* Begin PBXBuildFile section */
		161DEDCA251EB755004CF96C /* AppDelegate.swift in Sources */ = {isa = PBXBuildFile; fileRef = 161DEDC9251EB755004CF96C /* AppDelegate.swift */; };
		161DEDCC251EB755004CF96C /* SceneDelegate.swift in Sources */ = {isa = PBXBuildFile; fileRef = 161DEDCB251EB755004CF96C /* SceneDelegate.swift */; };
		161DEDCE251EB755004CF96C /* ViewController.swift in Sources */ = {isa = PBXBuildFile; fileRef = 161DEDCD251EB755004CF96C /* ViewController.swift */; };
		161DEDD1251EB755004CF96C /* Main.storyboard in Resources */ = {isa = PBXBuildFile; fileRef = 161DEDCF251EB755004CF96C /* Main.storyboard */; };
		161DEDD3251EB756004CF96C /* Assets.xcassets in Resources */ = {isa = PBXBuildFile; fileRef = 161DEDD2251EB756004CF96C /* Assets.xcassets */; };
		161DEDD6251EB756004CF96C /* LaunchScreen.storyboard in Resources */ = {isa = PBXBuildFile; fileRef = 161DEDD4251EB756004CF96C /* LaunchScreen.storyboard */; };
		161DEDE1251EB757004CF96C /* FlixsterTests.swift in Sources */ = {isa = PBXBuildFile; fileRef = 161DEDE0251EB757004CF96C /* FlixsterTests.swift */; };
		161DEDEC251EB757004CF96C /* FlixsterUITests.swift in Sources */ = {isa = PBXBuildFile; fileRef = 161DEDEB251EB757004CF96C /* FlixsterUITests.swift */; };
/* End PBXBuildFile section */

/* Begin PBXContainerItemProxy section */
		161DEDDD251EB756004CF96C /* PBXContainerItemProxy */ = {
			isa = PBXContainerItemProxy;
			containerPortal = 161DEDBE251EB755004CF96C /* Project object */;
			proxyType = 1;
			remoteGlobalIDString = 161DEDC5251EB755004CF96C;
			remoteInfo = Flixster;
		};
		161DEDE8251EB757004CF96C /* PBXContainerItemProxy */ = {
			isa = PBXContainerItemProxy;
			containerPortal = 161DEDBE251EB755004CF96C /* Project object */;
			proxyType = 1;
			remoteGlobalIDString = 161DEDC5251EB755004CF96C;
			remoteInfo = Flixster;
		};
/* End PBXContainerItemProxy section */

/* Begin PBXFileReference section */
		161DEDC6251EB755004CF96C /* Flixster.app */ = {isa = PBXFileReference; explicitFileType = wrapper.application; includeInIndex = 0; path = Flixster.app; sourceTree = BUILT_PRODUCTS_DIR; };
		161DEDC9251EB755004CF96C /* AppDelegate.swift */ = {isa = PBXFileReference; lastKnownFileType = sourcecode.swift; path = AppDelegate.swift; sourceTree = "<group>"; };
		161DEDCB251EB755004CF96C /* SceneDelegate.swift */ = {isa = PBXFileReference; lastKnownFileType = sourcecode.swift; path = SceneDelegate.swift; sourceTree = "<group>"; };
		161DEDCD251EB755004CF96C /* ViewController.swift */ = {isa = PBXFileReference; lastKnownFileType = sourcecode.swift; path = ViewController.swift; sourceTree = "<group>"; };
		161DEDD0251EB755004CF96C /* Base */ = {isa = PBXFileReference; lastKnownFileType = file.storyboard; name = Base; path = Base.lproj/Main.storyboard; sourceTree = "<group>"; };
		161DEDD2251EB756004CF96C /* Assets.xcassets */ = {isa = PBXFileReference; lastKnownFileType = folder.assetcatalog; path = Assets.xcassets; sourceTree = "<group>"; };
		161DEDD5251EB756004CF96C /* Base */ = {isa = PBXFileReference; lastKnownFileType = file.storyboard; name = Base; path = Base.lproj/LaunchScreen.storyboard; sourceTree = "<group>"; };
		161DEDD7251EB756004CF96C /* Info.plist */ = {isa = PBXFileReference; lastKnownFileType = text.plist.xml; path = Info.plist; sourceTree = "<group>"; };
		161DEDDC251EB756004CF96C /* FlixsterTests.xctest */ = {isa = PBXFileReference; explicitFileType = wrapper.cfbundle; includeInIndex = 0; path = FlixsterTests.xctest; sourceTree = BUILT_PRODUCTS_DIR; };
		161DEDE0251EB757004CF96C /* FlixsterTests.swift */ = {isa = PBXFileReference; lastKnownFileType = sourcecode.swift; path = FlixsterTests.swift; sourceTree = "<group>"; };
		161DEDE2251EB757004CF96C /* Info.plist */ = {isa = PBXFileReference; lastKnownFileType = text.plist.xml; path = Info.plist; sourceTree = "<group>"; };
		161DEDE7251EB757004CF96C /* FlixsterUITests.xctest */ = {isa = PBXFileReference; explicitFileType = wrapper.cfbundle; includeInIndex = 0; path = FlixsterUITests.xctest; sourceTree = BUILT_PRODUCTS_DIR; };
		161DEDEB251EB757004CF96C /* FlixsterUITests.swift */ = {isa = PBXFileReference; lastKnownFileType = sourcecode.swift; path = FlixsterUITests.swift; sourceTree = "<group>"; };
		161DEDED251EB757004CF96C /* Info.plist */ = {isa = PBXFileReference; lastKnownFileType = text.plist.xml; path = Info.plist; sourceTree = "<group>"; };
/* End PBXFileReference section */

/* Begin PBXFrameworksBuildPhase section */
		161DEDC3251EB755004CF96C /* Frameworks */ = {
			isa = PBXFrameworksBuildPhase;
			buildActionMask = 2147483647;
			files = (
			);
			runOnlyForDeploymentPostprocessing = 0;
		};
		161DEDD9251EB756004CF96C /* Frameworks */ = {
			isa = PBXFrameworksBuildPhase;
			buildActionMask = 2147483647;
			files = (
			);
			runOnlyForDeploymentPostprocessing = 0;
		};
		161DEDE4251EB757004CF96C /* Frameworks */ = {
			isa = PBXFrameworksBuildPhase;
			buildActionMask = 2147483647;
			files = (
			);
			runOnlyForDeploymentPostprocessing = 0;
		};
/* End PBXFrameworksBuildPhase section */

/* Begin PBXGroup section */
		161DEDBD251EB755004CF96C = {
			isa = PBXGroup;
			children = (
				161DEDC8251EB755004CF96C /* Flixster */,
				161DEDDF251EB756004CF96C /* FlixsterTests */,
				161DEDEA251EB757004CF96C /* FlixsterUITests */,
				161DEDC7251EB755004CF96C /* Products */,
			);
			sourceTree = "<group>";
		};
		161DEDC7251EB755004CF96C /* Products */ = {
			isa = PBXGroup;
			children = (
				161DEDC6251EB755004CF96C /* Flixster.app */,
				161DEDDC251EB756004CF96C /* FlixsterTests.xctest */,
				161DEDE7251EB757004CF96C /* FlixsterUITests.xctest */,
			);
			name = Products;
			sourceTree = "<group>";
		};
		161DEDC8251EB755004CF96C /* Flixster */ = {
			isa = PBXGroup;
			children = (
				161DEDC9251EB755004CF96C /* AppDelegate.swift */,
				161DEDCB251EB755004CF96C /* SceneDelegate.swift */,
				161DEDCD251EB755004CF96C /* ViewController.swift */,
				161DEDCF251EB755004CF96C /* Main.storyboard */,
				161DEDD2251EB756004CF96C /* Assets.xcassets */,
				161DEDD4251EB756004CF96C /* LaunchScreen.storyboard */,
				161DEDD7251EB756004CF96C /* Info.plist */,
			);
			path = Flixster;
			sourceTree = "<group>";
		};
		161DEDDF251EB756004CF96C /* FlixsterTests */ = {
			isa = PBXGroup;
			children = (
				161DEDE0251EB757004CF96C /* FlixsterTests.swift */,
				161DEDE2251EB757004CF96C /* Info.plist */,
			);
			path = FlixsterTests;
			sourceTree = "<group>";
		};
		161DEDEA251EB757004CF96C /* FlixsterUITests */ = {
			isa = PBXGroup;
			children = (
				161DEDEB251EB757004CF96C /* FlixsterUITests.swift */,
				161DEDED251EB757004CF96C /* Info.plist */,
			);
			path = FlixsterUITests;
			sourceTree = "<group>";
		};
/* End PBXGroup section */

/* Begin PBXNativeTarget section */
		161DEDC5251EB755004CF96C /* Flixster */ = {
			isa = PBXNativeTarget;
			buildConfigurationList = 161DEDF0251EB757004CF96C /* Build configuration list for PBXNativeTarget "Flixster" */;
			buildPhases = (
				161DEDC2251EB755004CF96C /* Sources */,
				161DEDC3251EB755004CF96C /* Frameworks */,
				161DEDC4251EB755004CF96C /* Resources */,
			);
			buildRules = (
			);
			dependencies = (
			);
			name = Flixster;
			productName = Flixster;
			productReference = 161DEDC6251EB755004CF96C /* Flixster.app */;
			productType = "com.apple.product-type.application";
		};
		161DEDDB251EB756004CF96C /* FlixsterTests */ = {
			isa = PBXNativeTarget;
			buildConfigurationList = 161DEDF3251EB757004CF96C /* Build configuration list for PBXNativeTarget "FlixsterTests" */;
			buildPhases = (
				161DEDD8251EB756004CF96C /* Sources */,
				161DEDD9251EB756004CF96C /* Frameworks */,
				161DEDDA251EB756004CF96C /* Resources */,
			);
			buildRules = (
			);
			dependencies = (
				161DEDDE251EB756004CF96C /* PBXTargetDependency */,
			);
			name = FlixsterTests;
			productName = FlixsterTests;
			productReference = 161DEDDC251EB756004CF96C /* FlixsterTests.xctest */;
			productType = "com.apple.product-type.bundle.unit-test";
		};
		161DEDE6251EB757004CF96C /* FlixsterUITests */ = {
			isa = PBXNativeTarget;
			buildConfigurationList = 161DEDF6251EB757004CF96C /* Build configuration list for PBXNativeTarget "FlixsterUITests" */;
			buildPhases = (
				161DEDE3251EB757004CF96C /* Sources */,
				161DEDE4251EB757004CF96C /* Frameworks */,
				161DEDE5251EB757004CF96C /* Resources */,
			);
			buildRules = (
			);
			dependencies = (
				161DEDE9251EB757004CF96C /* PBXTargetDependency */,
			);
			name = FlixsterUITests;
			productName = FlixsterUITests;
			productReference = 161DEDE7251EB757004CF96C /* FlixsterUITests.xctest */;
			productType = "com.apple.product-type.bundle.ui-testing";
		};
/* End PBXNativeTarget section */

/* Begin PBXProject section */
		161DEDBE251EB755004CF96C /* Project object */ = {
			isa = PBXProject;
			attributes = {
				LastSwiftUpdateCheck = 1150;
				LastUpgradeCheck = 1150;
				ORGANIZATIONNAME = Codepath;
				TargetAttributes = {
					161DEDC5251EB755004CF96C = {
						CreatedOnToolsVersion = 11.5;
					};
					161DEDDB251EB756004CF96C = {
						CreatedOnToolsVersion = 11.5;
						TestTargetID = 161DEDC5251EB755004CF96C;
					};
					161DEDE6251EB757004CF96C = {
						CreatedOnToolsVersion = 11.5;
						TestTargetID = 161DEDC5251EB755004CF96C;
					};
				};
			};
			buildConfigurationList = 161DEDC1251EB755004CF96C /* Build configuration list for PBXProject "Flixster" */;
			compatibilityVersion = "Xcode 9.3";
			developmentRegion = en;
			hasScannedForEncodings = 0;
			knownRegions = (
				en,
				Base,
			);
			mainGroup = 161DEDBD251EB755004CF96C;
			productRefGroup = 161DEDC7251EB755004CF96C /* Products */;
			projectDirPath = "";
			projectRoot = "";
			targets = (
				161DEDC5251EB755004CF96C /* Flixster */,
				161DEDDB251EB756004CF96C /* FlixsterTests */,
				161DEDE6251EB757004CF96C /* FlixsterUITests */,
			);
		};
/* End PBXProject section */

/* Begin PBXResourcesBuildPhase section */
		161DEDC4251EB755004CF96C /* Resources */ = {
			isa = PBXResourcesBuildPhase;
			buildActionMask = 2147483647;
			files = (
				161DEDD6251EB756004CF96C /* LaunchScreen.storyboard in Resources */,
				161DEDD3251EB756004CF96C /* Assets.xcassets in Resources */,
				161DEDD1251EB755004CF96C /* Main.storyboard in Resources */,
			);
			runOnlyForDeploymentPostprocessing = 0;
		};
		161DEDDA251EB756004CF96C /* Resources */ = {
			isa = PBXResourcesBuildPhase;
			buildActionMask = 2147483647;
			files = (
			);
			runOnlyForDeploymentPostprocessing = 0;
		};
		161DEDE5251EB757004CF96C /* Resources */ = {
			isa = PBXResourcesBuildPhase;
			buildActionMask = 2147483647;
			files = (
			);
			runOnlyForDeploymentPostprocessing = 0;
		};
/* End PBXResourcesBuildPhase section */

/* Begin PBXSourcesBuildPhase section */
		161DEDC2251EB755004CF96C /* Sources */ = {
			isa = PBXSourcesBuildPhase;
			buildActionMask = 2147483647;
			files = (
				161DEDCE251EB755004CF96C /* ViewController.swift in Sources */,
				161DEDCA251EB755004CF96C /* AppDelegate.swift in Sources */,
				161DEDCC251EB755004CF96C /* SceneDelegate.swift in Sources */,
			);
			runOnlyForDeploymentPostprocessing = 0;
		};
		161DEDD8251EB756004CF96C /* Sources */ = {
			isa = PBXSourcesBuildPhase;
			buildActionMask = 2147483647;
			files = (
				161DEDE1251EB757004CF96C /* FlixsterTests.swift in Sources */,
			);
			runOnlyForDeploymentPostprocessing = 0;
		};
		161DEDE3251EB757004CF96C /* Sources */ = {
			isa = PBXSourcesBuildPhase;
			buildActionMask = 2147483647;
			files = (
				161DEDEC251EB757004CF96C /* FlixsterUITests.swift in Sources */,
			);
			runOnlyForDeploymentPostprocessing = 0;
		};
/* End PBXSourcesBuildPhase section */

/* Begin PBXTargetDependency section */
		161DEDDE251EB756004CF96C /* PBXTargetDependency */ = {
			isa = PBXTargetDependency;
			target = 161DEDC5251EB755004CF96C /* Flixster */;
			targetProxy = 161DEDDD251EB756004CF96C /* PBXContainerItemProxy */;
		};
		161DEDE9251EB757004CF96C /* PBXTargetDependency */ = {
			isa = PBXTargetDependency;
			target = 161DEDC5251EB755004CF96C /* Flixster */;
			targetProxy = 161DEDE8251EB757004CF96C /* PBXContainerItemProxy */;
		};
/* End PBXTargetDependency section */

/* Begin PBXVariantGroup section */
		161DEDCF251EB755004CF96C /* Main.storyboard */ = {
			isa = PBXVariantGroup;
			children = (
				161DEDD0251EB755004CF96C /* Base */,
			);
			name = Main.storyboard;
			sourceTree = "<group>";
		};
		161DEDD4251EB756004CF96C /* LaunchScreen.storyboard */ = {
			isa = PBXVariantGroup;
			children = (
				161DEDD5251EB756004CF96C /* Base */,
			);
			name = LaunchScreen.storyboard;
			sourceTree = "<group>";
		};
/* End PBXVariantGroup section */

/* Begin XCBuildConfiguration section */
		161DEDEE251EB757004CF96C /* Debug */ = {
			isa = XCBuildConfiguration;
			buildSettings = {
				ALWAYS_SEARCH_USER_PATHS = NO;
				CLANG_ANALYZER_NONNULL = YES;
				CLANG_ANALYZER_NUMBER_OBJECT_CONVERSION = YES_AGGRESSIVE;
				CLANG_CXX_LANGUAGE_STANDARD = "gnu++14";
				CLANG_CXX_LIBRARY = "libc++";
				CLANG_ENABLE_MODULES = YES;
				CLANG_ENABLE_OBJC_ARC = YES;
				CLANG_ENABLE_OBJC_WEAK = YES;
				CLANG_WARN_BLOCK_CAPTURE_AUTORELEASING = YES;
				CLANG_WARN_BOOL_CONVERSION = YES;
				CLANG_WARN_COMMA = YES;
				CLANG_WARN_CONSTANT_CONVERSION = YES;
				CLANG_WARN_DEPRECATED_OBJC_IMPLEMENTATIONS = YES;
				CLANG_WARN_DIRECT_OBJC_ISA_USAGE = YES_ERROR;
				CLANG_WARN_DOCUMENTATION_COMMENTS = YES;
				CLANG_WARN_EMPTY_BODY = YES;
				CLANG_WARN_ENUM_CONVERSION = YES;
				CLANG_WARN_INFINITE_RECURSION = YES;
				CLANG_WARN_INT_CONVERSION = YES;
				CLANG_WARN_NON_LITERAL_NULL_CONVERSION = YES;
				CLANG_WARN_OBJC_IMPLICIT_RETAIN_SELF = YES;
				CLANG_WARN_OBJC_LITERAL_CONVERSION = YES;
				CLANG_WARN_OBJC_ROOT_CLASS = YES_ERROR;
				CLANG_WARN_RANGE_LOOP_ANALYSIS = YES;
				CLANG_WARN_STRICT_PROTOTYPES = YES;
				CLANG_WARN_SUSPICIOUS_MOVE = YES;
				CLANG_WARN_UNGUARDED_AVAILABILITY = YES_AGGRESSIVE;
				CLANG_WARN_UNREACHABLE_CODE = YES;
				CLANG_WARN__DUPLICATE_METHOD_MATCH = YES;
				COPY_PHASE_STRIP = NO;
				DEBUG_INFORMATION_FORMAT = dwarf;
				ENABLE_STRICT_OBJC_MSGSEND = YES;
				ENABLE_TESTABILITY = YES;
				GCC_C_LANGUAGE_STANDARD = gnu11;
				GCC_DYNAMIC_NO_PIC = NO;
				GCC_NO_COMMON_BLOCKS = YES;
				GCC_OPTIMIZATION_LEVEL = 0;
				GCC_PREPROCESSOR_DEFINITIONS = (
					"DEBUG=1",
					"$(inherited)",
				);
				GCC_WARN_64_TO_32_BIT_CONVERSION = YES;
				GCC_WARN_ABOUT_RETURN_TYPE = YES_ERROR;
				GCC_WARN_UNDECLARED_SELECTOR = YES;
				GCC_WARN_UNINITIALIZED_AUTOS = YES_AGGRESSIVE;
				GCC_WARN_UNUSED_FUNCTION = YES;
				GCC_WARN_UNUSED_VARIABLE = YES;
				IPHONEOS_DEPLOYMENT_TARGET = 13.5;
				MTL_ENABLE_DEBUG_INFO = INCLUDE_SOURCE;
				MTL_FAST_MATH = YES;
				ONLY_ACTIVE_ARCH = YES;
				SDKROOT = iphoneos;
				SWIFT_ACTIVE_COMPILATION_CONDITIONS = DEBUG;
				SWIFT_OPTIMIZATION_LEVEL = "-Onone";
			};
			name = Debug;
		};
		161DEDEF251EB757004CF96C /* Release */ = {
			isa = XCBuildConfiguration;
			buildSettings = {
				ALWAYS_SEARCH_USER_PATHS = NO;
				CLANG_ANALYZER_NONNULL = YES;
				CLANG_ANALYZER_NUMBER_OBJECT_CONVERSION = YES_AGGRESSIVE;
				CLANG_CXX_LANGUAGE_STANDARD = "gnu++14";
				CLANG_CXX_LIBRARY = "libc++";
				CLANG_ENABLE_MODULES = YES;
				CLANG_ENABLE_OBJC_ARC = YES;
				CLANG_ENABLE_OBJC_WEAK = YES;
				CLANG_WARN_BLOCK_CAPTURE_AUTORELEASING = YES;
				CLANG_WARN_BOOL_CONVERSION = YES;
				CLANG_WARN_COMMA = YES;
				CLANG_WARN_CONSTANT_CONVERSION = YES;
				CLANG_WARN_DEPRECATED_OBJC_IMPLEMENTATIONS = YES;
				CLANG_WARN_DIRECT_OBJC_ISA_USAGE = YES_ERROR;
				CLANG_WARN_DOCUMENTATION_COMMENTS = YES;
				CLANG_WARN_EMPTY_BODY = YES;
				CLANG_WARN_ENUM_CONVERSION = YES;
				CLANG_WARN_INFINITE_RECURSION = YES;
				CLANG_WARN_INT_CONVERSION = YES;
				CLANG_WARN_NON_LITERAL_NULL_CONVERSION = YES;
				CLANG_WARN_OBJC_IMPLICIT_RETAIN_SELF = YES;
				CLANG_WARN_OBJC_LITERAL_CONVERSION = YES;
				CLANG_WARN_OBJC_ROOT_CLASS = YES_ERROR;
				CLANG_WARN_RANGE_LOOP_ANALYSIS = YES;
				CLANG_WARN_STRICT_PROTOTYPES = YES;
				CLANG_WARN_SUSPICIOUS_MOVE = YES;
				CLANG_WARN_UNGUARDED_AVAILABILITY = YES_AGGRESSIVE;
				CLANG_WARN_UNREACHABLE_CODE = YES;
				CLANG_WARN__DUPLICATE_METHOD_MATCH = YES;
				COPY_PHASE_STRIP = NO;
				DEBUG_INFORMATION_FORMAT = "dwarf-with-dsym";
				ENABLE_NS_ASSERTIONS = NO;
				ENABLE_STRICT_OBJC_MSGSEND = YES;
				GCC_C_LANGUAGE_STANDARD = gnu11;
				GCC_NO_COMMON_BLOCKS = YES;
				GCC_WARN_64_TO_32_BIT_CONVERSION = YES;
				GCC_WARN_ABOUT_RETURN_TYPE = YES_ERROR;
				GCC_WARN_UNDECLARED_SELECTOR = YES;
				GCC_WARN_UNINITIALIZED_AUTOS = YES_AGGRESSIVE;
				GCC_WARN_UNUSED_FUNCTION = YES;
				GCC_WARN_UNUSED_VARIABLE = YES;
				IPHONEOS_DEPLOYMENT_TARGET = 13.5;
				MTL_ENABLE_DEBUG_INFO = NO;
				MTL_FAST_MATH = YES;
				SDKROOT = iphoneos;
				SWIFT_COMPILATION_MODE = wholemodule;
				SWIFT_OPTIMIZATION_LEVEL = "-O";
				VALIDATE_PRODUCT = YES;
			};
			name = Release;
		};
		161DEDF1251EB757004CF96C /* Debug */ = {
			isa = XCBuildConfiguration;
			buildSettings = {
				ASSETCATALOG_COMPILER_APPICON_NAME = AppIcon;
				CODE_SIGN_STYLE = Automatic;
				INFOPLIST_FILE = Flixster/Info.plist;
				LD_RUNPATH_SEARCH_PATHS = (
					"$(inherited)",
					"@executable_path/Frameworks",
				);
				PRODUCT_BUNDLE_IDENTIFIER = "Jashan-Codepath.Flixster";
				PRODUCT_NAME = "$(TARGET_NAME)";
				SWIFT_VERSION = 5.0;
				TARGETED_DEVICE_FAMILY = "1,2";
			};
			name = Debug;
		};
		161DEDF2251EB757004CF96C /* Release */ = {
			isa = XCBuildConfiguration;
			buildSettings = {
				ASSETCATALOG_COMPILER_APPICON_NAME = AppIcon;
				CODE_SIGN_STYLE = Automatic;
				INFOPLIST_FILE = Flixster/Info.plist;
				LD_RUNPATH_SEARCH_PATHS = (
					"$(inherited)",
					"@executable_path/Frameworks",
				);
				PRODUCT_BUNDLE_IDENTIFIER = "Jashan-Codepath.Flixster";
				PRODUCT_NAME = "$(TARGET_NAME)";
				SWIFT_VERSION = 5.0;
				TARGETED_DEVICE_FAMILY = "1,2";
			};
			name = Release;
		};
		161DEDF4251EB757004CF96C /* Debug */ = {
			isa = XCBuildConfiguration;
			buildSettings = {
				ALWAYS_EMBED_SWIFT_STANDARD_LIBRARIES = YES;
				BUNDLE_LOADER = "$(TEST_HOST)";
				CODE_SIGN_STYLE = Automatic;
				INFOPLIST_FILE = FlixsterTests/Info.plist;
				IPHONEOS_DEPLOYMENT_TARGET = 13.5;
				LD_RUNPATH_SEARCH_PATHS = (
					"$(inherited)",
					"@executable_path/Frameworks",
					"@loader_path/Frameworks",
				);
				PRODUCT_BUNDLE_IDENTIFIER = "Jashan-Codepath.FlixsterTests";
				PRODUCT_NAME = "$(TARGET_NAME)";
				SWIFT_VERSION = 5.0;
				TARGETED_DEVICE_FAMILY = "1,2";
				TEST_HOST = "$(BUILT_PRODUCTS_DIR)/Flixster.app/Flixster";
			};
			name = Debug;
		};
		161DEDF5251EB757004CF96C /* Release */ = {
			isa = XCBuildConfiguration;
			buildSettings = {
				ALWAYS_EMBED_SWIFT_STANDARD_LIBRARIES = YES;
				BUNDLE_LOADER = "$(TEST_HOST)";
				CODE_SIGN_STYLE = Automatic;
				INFOPLIST_FILE = FlixsterTests/Info.plist;
				IPHONEOS_DEPLOYMENT_TARGET = 13.5;
				LD_RUNPATH_SEARCH_PATHS = (
					"$(inherited)",
					"@executable_path/Frameworks",
					"@loader_path/Frameworks",
				);
				PRODUCT_BUNDLE_IDENTIFIER = "Jashan-Codepath.FlixsterTests";
				PRODUCT_NAME = "$(TARGET_NAME)";
				SWIFT_VERSION = 5.0;
				TARGETED_DEVICE_FAMILY = "1,2";
				TEST_HOST = "$(BUILT_PRODUCTS_DIR)/Flixster.app/Flixster";
			};
			name = Release;
		};
		161DEDF7251EB757004CF96C /* Debug */ = {
			isa = XCBuildConfiguration;
			buildSettings = {
				ALWAYS_EMBED_SWIFT_STANDARD_LIBRARIES = YES;
				CODE_SIGN_STYLE = Automatic;
				INFOPLIST_FILE = FlixsterUITests/Info.plist;
				LD_RUNPATH_SEARCH_PATHS = (
					"$(inherited)",
					"@executable_path/Frameworks",
					"@loader_path/Frameworks",
				);
				PRODUCT_BUNDLE_IDENTIFIER = "Jashan-Codepath.FlixsterUITests";
				PRODUCT_NAME = "$(TARGET_NAME)";
				SWIFT_VERSION = 5.0;
				TARGETED_DEVICE_FAMILY = "1,2";
				TEST_TARGET_NAME = Flixster;
			};
			name = Debug;
		};
		161DEDF8251EB757004CF96C /* Release */ = {
			isa = XCBuildConfiguration;
			buildSettings = {
				ALWAYS_EMBED_SWIFT_STANDARD_LIBRARIES = YES;
				CODE_SIGN_STYLE = Automatic;
				INFOPLIST_FILE = FlixsterUITests/Info.plist;
				LD_RUNPATH_SEARCH_PATHS = (
					"$(inherited)",
					"@executable_path/Frameworks",
					"@loader_path/Frameworks",
				);
				PRODUCT_BUNDLE_IDENTIFIER = "Jashan-Codepath.FlixsterUITests";
				PRODUCT_NAME = "$(TARGET_NAME)";
				SWIFT_VERSION = 5.0;
				TARGETED_DEVICE_FAMILY = "1,2";
				TEST_TARGET_NAME = Flixster;
			};
			name = Release;
		};
/* End XCBuildConfiguration section */

/* Begin XCConfigurationList section */
		161DEDC1251EB755004CF96C /* Build configuration list for PBXProject "Flixster" */ = {
			isa = XCConfigurationList;
			buildConfigurations = (
				161DEDEE251EB757004CF96C /* Debug */,
				161DEDEF251EB757004CF96C /* Release */,
			);
			defaultConfigurationIsVisible = 0;
			defaultConfigurationName = Release;
		};
		161DEDF0251EB757004CF96C /* Build configuration list for PBXNativeTarget "Flixster" */ = {
			isa = XCConfigurationList;
			buildConfigurations = (
				161DEDF1251EB757004CF96C /* Debug */,
				161DEDF2251EB757004CF96C /* Release */,
			);
			defaultConfigurationIsVisible = 0;
			defaultConfigurationName = Release;
		};
		161DEDF3251EB757004CF96C /* Build configuration list for PBXNativeTarget "FlixsterTests" */ = {
			isa = XCConfigurationList;
			buildConfigurations = (
				161DEDF4251EB757004CF96C /* Debug */,
				161DEDF5251EB757004CF96C /* Release */,
			);
			defaultConfigurationIsVisible = 0;
			defaultConfigurationName = Release;
		};
		161DEDF6251EB757004CF96C /* Build configuration list for PBXNativeTarget "FlixsterUITests" */ = {
			isa = XCConfigurationList;
			buildConfigurations = (
				161DEDF7251EB757004CF96C /* Debug */,
				161DEDF8251EB757004CF96C /* Release */,
			);
			defaultConfigurationIsVisible = 0;
			defaultConfigurationName = Release;
		};
/* End XCConfigurationList section */
	};
	rootObject = 161DEDBE251EB755004CF96C /* Project object */;
}
